
Microsoft Visual Studio Solution File, Format Version 12.00
# Visual Studio Version 17
VisualStudioVersion = 17.3.32929.385
MinimumVisualStudioVersion = 10.0.40219.1
Project("{FAE04EC0-301F-11D3-BF4B-00C04F79EFBC}") = "ROI", "ROI\ROI.csproj", "{48387B3D-7A1A-4D4D-A530-126BFDFC77EA}"
EndProject
Global
	GlobalSection(SolutionConfigurationPlatforms) = preSolution
		Debug|Any CPU = Debug|Any CPU
		Release|Any CPU = Release|Any CPU
	EndGlobalSection
	GlobalSection(ProjectConfigurationPlatforms) = postSolution
		{48387B3D-7A1A-4D4D-A530-126BFDFC77EA}.Debug|Any CPU.ActiveCfg = Debug|Any CPU
		{48387B3D-7A1A-4D4D-A530-126BFDFC77EA}.Debug|Any CPU.Build.0 = Debug|Any CPU
		{48387B3D-7A1A-4D4D-A530-126BFDFC77EA}.Release|Any CPU.ActiveCfg = Release|Any CPU
		{48387B3D-7A1A-4D4D-A530-126BFDFC77EA}.Release|Any CPU.Build.0 = Release|Any CPU
	EndGlobalSection
	GlobalSection(SolutionProperties) = preSolution
		HideSolutionNode = FALSE
	EndGlobalSection
	GlobalSection(ExtensibilityGlobals) = postSolution
		SolutionGuid = {BC023381-E36B-4008-912B-70D4B12D4EC3}
	EndGlobalSection
EndGlobal
